// !$*UTF8*$!
{
	archiveVersion = 1;
	classes = {
	};
	objectVersion = 48;
	objects = {

/* Begin PBXBuildFile section */
		50F9C6DDE708A6D2A1207CB9 /* libPods-GBaccaratGame.a in Frameworks */ = {isa = PBXBuildFile; fileRef = 7B9B91B78AEDC31B4EAE0E23 /* libPods-GBaccaratGame.a */; };
		5135F3EE2028046800149296 /* AppDelegate.m in Sources */ = {isa = PBXBuildFile; fileRef = 5135F3ED2028046800149296 /* AppDelegate.m */; };
		5135F3F12028046800149296 /* ViewController.m in Sources */ = {isa = PBXBuildFile; fileRef = 5135F3F02028046800149296 /* ViewController.m */; };
		5135F3F42028046800149296 /* Main.storyboard in Resources */ = {isa = PBXBuildFile; fileRef = 5135F3F22028046800149296 /* Main.storyboard */; };
		5135F3F62028046800149296 /* Assets.xcassets in Resources */ = {isa = PBXBuildFile; fileRef = 5135F3F52028046800149296 /* Assets.xcassets */; };
		5135F3F92028046800149296 /* LaunchScreen.storyboard in Resources */ = {isa = PBXBuildFile; fileRef = 5135F3F72028046800149296 /* LaunchScreen.storyboard */; };
		5135F3FC2028046800149296 /* main.m in Sources */ = {isa = PBXBuildFile; fileRef = 5135F3FB2028046800149296 /* main.m */; };
		5135F4062028046800149296 /* GBaccaratGameTests.m in Sources */ = {isa = PBXBuildFile; fileRef = 5135F4052028046800149296 /* GBaccaratGameTests.m */; };
		5135F4112028046900149296 /* GBaccaratGameUITests.m in Sources */ = {isa = PBXBuildFile; fileRef = 5135F4102028046900149296 /* GBaccaratGameUITests.m */; };
		5150653C202DCA2000773E8A /* FGTabbarVC.m in Sources */ = {isa = PBXBuildFile; fileRef = 5150653B202DCA2000773E8A /* FGTabbarVC.m */; };
		51506543202DD08F00773E8A /* GBPlayOneViewController.m in Sources */ = {isa = PBXBuildFile; fileRef = 51506542202DD08F00773E8A /* GBPlayOneViewController.m */; };
		51506546202DD0BB00773E8A /* GBPlayTwoViewController.m in Sources */ = {isa = PBXBuildFile; fileRef = 51506545202DD0BB00773E8A /* GBPlayTwoViewController.m */; };
		51506549202DD0CD00773E8A /* GBMineViewController.m in Sources */ = {isa = PBXBuildFile; fileRef = 51506548202DD0CD00773E8A /* GBMineViewController.m */; };
		51B8385420319160007DD794 /* main.js in Resources */ = {isa = PBXBuildFile; fileRef = 51B8385320319160007DD794 /* main.js */; };
		51B8385820319209007DD794 /* JSPatchPlatform.framework in Frameworks */ = {isa = PBXBuildFile; fileRef = 51B8385720319209007DD794 /* JSPatchPlatform.framework */; };
		51C5EA8D202991550055E1E5 /* GVUserDefaults+Properties.m in Sources */ = {isa = PBXBuildFile; fileRef = 51C5EA8B202991540055E1E5 /* GVUserDefaults+Properties.m */; };
		51C5EA91202992B90055E1E5 /* MBMemoryCacheManger.m in Sources */ = {isa = PBXBuildFile; fileRef = 51C5EA8F202992B90055E1E5 /* MBMemoryCacheManger.m */; };
/* End PBXBuildFile section */

/* Begin PBXContainerItemProxy section */
		5135F4022028046800149296 /* PBXContainerItemProxy */ = {
			isa = PBXContainerItemProxy;
			containerPortal = 5135F3E12028046800149296 /* Project object */;
			proxyType = 1;
			remoteGlobalIDString = 5135F3E82028046800149296;
			remoteInfo = GBaccaratGame;
		};
		5135F40D2028046800149296 /* PBXContainerItemProxy */ = {
			isa = PBXContainerItemProxy;
			containerPortal = 5135F3E12028046800149296 /* Project object */;
			proxyType = 1;
			remoteGlobalIDString = 5135F3E82028046800149296;
			remoteInfo = GBaccaratGame;
		};
/* End PBXContainerItemProxy section */

/* Begin PBXFileReference section */
		5135F3E92028046800149296 /* GBaccaratGame.app */ = {isa = PBXFileReference; explicitFileType = wrapper.application; includeInIndex = 0; path = GBaccaratGame.app; sourceTree = BUILT_PRODUCTS_DIR; };
		5135F3EC2028046800149296 /* AppDelegate.h */ = {isa = PBXFileReference; lastKnownFileType = sourcecode.c.h; path = AppDelegate.h; sourceTree = "<group>"; };
		5135F3ED2028046800149296 /* AppDelegate.m */ = {isa = PBXFileReference; lastKnownFileType = sourcecode.c.objc; path = AppDelegate.m; sourceTree = "<group>"; };
		5135F3EF2028046800149296 /* ViewController.h */ = {isa = PBXFileReference; lastKnownFileType = sourcecode.c.h; path = ViewController.h; sourceTree = "<group>"; };
		5135F3F02028046800149296 /* ViewController.m */ = {isa = PBXFileReference; lastKnownFileType = sourcecode.c.objc; path = ViewController.m; sourceTree = "<group>"; };
		5135F3F32028046800149296 /* Base */ = {isa = PBXFileReference; lastKnownFileType = file.storyboard; name = Base; path = Base.lproj/Main.storyboard; sourceTree = "<group>"; };
		5135F3F52028046800149296 /* Assets.xcassets */ = {isa = PBXFileReference; lastKnownFileType = folder.assetcatalog; path = Assets.xcassets; sourceTree = "<group>"; };
		5135F3F82028046800149296 /* Base */ = {isa = PBXFileReference; lastKnownFileType = file.storyboard; name = Base; path = Base.lproj/LaunchScreen.storyboard; sourceTree = "<group>"; };
		5135F3FA2028046800149296 /* Info.plist */ = {isa = PBXFileReference; lastKnownFileType = text.plist.xml; path = Info.plist; sourceTree = "<group>"; };
		5135F3FB2028046800149296 /* main.m */ = {isa = PBXFileReference; lastKnownFileType = sourcecode.c.objc; path = main.m; sourceTree = "<group>"; };
		5135F4012028046800149296 /* GBaccaratGameTests.xctest */ = {isa = PBXFileReference; explicitFileType = wrapper.cfbundle; includeInIndex = 0; path = GBaccaratGameTests.xctest; sourceTree = BUILT_PRODUCTS_DIR; };
		5135F4052028046800149296 /* GBaccaratGameTests.m */ = {isa = PBXFileReference; lastKnownFileType = sourcecode.c.objc; path = GBaccaratGameTests.m; sourceTree = "<group>"; };
		5135F4072028046800149296 /* Info.plist */ = {isa = PBXFileReference; lastKnownFileType = text.plist.xml; path = Info.plist; sourceTree = "<group>"; };
		5135F40C2028046800149296 /* GBaccaratGameUITests.xctest */ = {isa = PBXFileReference; explicitFileType = wrapper.cfbundle; includeInIndex = 0; path = GBaccaratGameUITests.xctest; sourceTree = BUILT_PRODUCTS_DIR; };
		5135F4102028046900149296 /* GBaccaratGameUITests.m */ = {isa = PBXFileReference; lastKnownFileType = sourcecode.c.objc; path = GBaccaratGameUITests.m; sourceTree = "<group>"; };
		5135F4122028046900149296 /* Info.plist */ = {isa = PBXFileReference; lastKnownFileType = text.plist.xml; path = Info.plist; sourceTree = "<group>"; };
		51506539202DC81800773E8A /* GBaccaratGame.entitlements */ = {isa = PBXFileReference; lastKnownFileType = text.plist.entitlements; path = GBaccaratGame.entitlements; sourceTree = "<group>"; };
		5150653A202DCA2000773E8A /* FGTabbarVC.h */ = {isa = PBXFileReference; lastKnownFileType = sourcecode.c.h; path = FGTabbarVC.h; sourceTree = "<group>"; };
		5150653B202DCA2000773E8A /* FGTabbarVC.m */ = {isa = PBXFileReference; lastKnownFileType = sourcecode.c.objc; path = FGTabbarVC.m; sourceTree = "<group>"; };
		51506541202DD08F00773E8A /* GBPlayOneViewController.h */ = {isa = PBXFileReference; lastKnownFileType = sourcecode.c.h; path = GBPlayOneViewController.h; sourceTree = "<group>"; };
		51506542202DD08F00773E8A /* GBPlayOneViewController.m */ = {isa = PBXFileReference; lastKnownFileType = sourcecode.c.objc; path = GBPlayOneViewController.m; sourceTree = "<group>"; };
		51506544202DD0BB00773E8A /* GBPlayTwoViewController.h */ = {isa = PBXFileReference; lastKnownFileType = sourcecode.c.h; path = GBPlayTwoViewController.h; sourceTree = "<group>"; };
		51506545202DD0BB00773E8A /* GBPlayTwoViewController.m */ = {isa = PBXFileReference; lastKnownFileType = sourcecode.c.objc; path = GBPlayTwoViewController.m; sourceTree = "<group>"; };
		51506547202DD0CD00773E8A /* GBMineViewController.h */ = {isa = PBXFileReference; lastKnownFileType = sourcecode.c.h; path = GBMineViewController.h; sourceTree = "<group>"; };
		51506548202DD0CD00773E8A /* GBMineViewController.m */ = {isa = PBXFileReference; lastKnownFileType = sourcecode.c.objc; path = GBMineViewController.m; sourceTree = "<group>"; };
		51B8385320319160007DD794 /* main.js */ = {isa = PBXFileReference; lastKnownFileType = sourcecode.javascript; name = main.js; path = ../../../main.js; sourceTree = "<group>"; };
		51B8385720319209007DD794 /* JSPatchPlatform.framework */ = {isa = PBXFileReference; lastKnownFileType = wrapper.framework; path = JSPatchPlatform.framework; sourceTree = "<group>"; };
		51C5EA8820294F330055E1E5 /* APPConfig.h */ = {isa = PBXFileReference; lastKnownFileType = sourcecode.c.h; path = APPConfig.h; sourceTree = "<group>"; };
		51C5EA89202957BE0055E1E5 /* Prefix.pch */ = {isa = PBXFileReference; lastKnownFileType = sourcecode.c.h; path = Prefix.pch; sourceTree = "<group>"; };
		51C5EA8A20297B590055E1E5 /* FGUtilsMacro.h */ = {isa = PBXFileReference; lastKnownFileType = sourcecode.c.h; path = FGUtilsMacro.h; sourceTree = "<group>"; };
		51C5EA8B202991540055E1E5 /* GVUserDefaults+Properties.m */ = {isa = PBXFileReference; lastKnownFileType = sourcecode.c.objc; path = "GVUserDefaults+Properties.m"; sourceTree = "<group>"; };
		51C5EA8C202991550055E1E5 /* GVUserDefaults+Properties.h */ = {isa = PBXFileReference; lastKnownFileType = sourcecode.c.h; path = "GVUserDefaults+Properties.h"; sourceTree = "<group>"; };
		51C5EA8F202992B90055E1E5 /* MBMemoryCacheManger.m */ = {isa = PBXFileReference; lastKnownFileType = sourcecode.c.objc; path = MBMemoryCacheManger.m; sourceTree = "<group>"; };
		51C5EA90202992B90055E1E5 /* MBMemoryCacheManger.h */ = {isa = PBXFileReference; lastKnownFileType = sourcecode.c.h; path = MBMemoryCacheManger.h; sourceTree = "<group>"; };
		7B9B91B78AEDC31B4EAE0E23 /* libPods-GBaccaratGame.a */ = {isa = PBXFileReference; explicitFileType = archive.ar; includeInIndex = 0; path = "libPods-GBaccaratGame.a"; sourceTree = BUILT_PRODUCTS_DIR; };
		8FF8404E3EC8F8AC6AA042E4 /* Pods-GBaccaratGame.release.xcconfig */ = {isa = PBXFileReference; includeInIndex = 1; lastKnownFileType = text.xcconfig; name = "Pods-GBaccaratGame.release.xcconfig"; path = "Pods/Target Support Files/Pods-GBaccaratGame/Pods-GBaccaratGame.release.xcconfig"; sourceTree = "<group>"; };
		F67EC09591AC16BDB9E57D20 /* Pods-GBaccaratGame.debug.xcconfig */ = {isa = PBXFileReference; includeInIndex = 1; lastKnownFileType = text.xcconfig; name = "Pods-GBaccaratGame.debug.xcconfig"; path = "Pods/Target Support Files/Pods-GBaccaratGame/Pods-GBaccaratGame.debug.xcconfig"; sourceTree = "<group>"; };
/* End PBXFileReference section */

/* Begin PBXFrameworksBuildPhase section */
		5135F3E62028046800149296 /* Frameworks */ = {
			isa = PBXFrameworksBuildPhase;
			buildActionMask = 2147483647;
			files = (
				50F9C6DDE708A6D2A1207CB9 /* libPods-GBaccaratGame.a in Frameworks */,
				51B8385820319209007DD794 /* JSPatchPlatform.framework in Frameworks */,
			);
			runOnlyForDeploymentPostprocessing = 0;
		};
		5135F3FE2028046800149296 /* Frameworks */ = {
			isa = PBXFrameworksBuildPhase;
			buildActionMask = 2147483647;
			files = (
			);
			runOnlyForDeploymentPostprocessing = 0;
		};
		5135F4092028046800149296 /* Frameworks */ = {
			isa = PBXFrameworksBuildPhase;
			buildActionMask = 2147483647;
			files = (
			);
			runOnlyForDeploymentPostprocessing = 0;
		};
/* End PBXFrameworksBuildPhase section */

/* Begin PBXGroup section */
		065C4AEADE06F16A2B55B282 /* Frameworks */ = {
			isa = PBXGroup;
			children = (
				7B9B91B78AEDC31B4EAE0E23 /* libPods-GBaccaratGame.a */,
			);
			name = Frameworks;
			sourceTree = "<group>";
		};
		5135F3E02028046800149296 = {
			isa = PBXGroup;
			children = (
				5135F3EB2028046800149296 /* GBaccaratGame */,
				5135F4042028046800149296 /* GBaccaratGameTests */,
				5135F40F2028046900149296 /* GBaccaratGameUITests */,
				5135F3EA2028046800149296 /* Products */,
				E286388F8BBF07CBC3F4BCAF /* Pods */,
				065C4AEADE06F16A2B55B282 /* Frameworks */,
			);
			sourceTree = "<group>";
		};
		5135F3EA2028046800149296 /* Products */ = {
			isa = PBXGroup;
			children = (
				5135F3E92028046800149296 /* GBaccaratGame.app */,
				5135F4012028046800149296 /* GBaccaratGameTests.xctest */,
				5135F40C2028046800149296 /* GBaccaratGameUITests.xctest */,
			);
			name = Products;
			sourceTree = "<group>";
		};
		5135F3EB2028046800149296 /* GBaccaratGame */ = {
			isa = PBXGroup;
			children = (
				5150653D202DCCD900773E8A /* module */,
				51506539202DC81800773E8A /* GBaccaratGame.entitlements */,
				51C5EA8E2029916D0055E1E5 /* custom */,
				5135F3EC2028046800149296 /* AppDelegate.h */,
				5135F3ED2028046800149296 /* AppDelegate.m */,
				5135F3EF2028046800149296 /* ViewController.h */,
				5135F3F02028046800149296 /* ViewController.m */,
				51B8385720319209007DD794 /* JSPatchPlatform.framework */,
				51B8385320319160007DD794 /* main.js */,
				5135F3F22028046800149296 /* Main.storyboard */,
				5135F3F52028046800149296 /* Assets.xcassets */,
				5135F3F72028046800149296 /* LaunchScreen.storyboard */,
				5135F3FA2028046800149296 /* Info.plist */,
				5135F3FB2028046800149296 /* main.m */,
			);
			path = GBaccaratGame;
			sourceTree = "<group>";
		};
		5135F4042028046800149296 /* GBaccaratGameTests */ = {
			isa = PBXGroup;
			children = (
				5135F4052028046800149296 /* GBaccaratGameTests.m */,
				5135F4072028046800149296 /* Info.plist */,
			);
			path = GBaccaratGameTests;
			sourceTree = "<group>";
		};
		5135F40F2028046900149296 /* GBaccaratGameUITests */ = {
			isa = PBXGroup;
			children = (
				5135F4102028046900149296 /* GBaccaratGameUITests.m */,
				5135F4122028046900149296 /* Info.plist */,
			);
			path = GBaccaratGameUITests;
			sourceTree = "<group>";
		};
		5150653D202DCCD900773E8A /* module */ = {
			isa = PBXGroup;
			children = (
				51506540202DCE9A00773E8A /* mine */,
				5150653F202DCE8F00773E8A /* playTwo */,
				5150653E202DCE8000773E8A /* playOne */,
			);
			path = module;
			sourceTree = "<group>";
		};
		5150653E202DCE8000773E8A /* playOne */ = {
			isa = PBXGroup;
			children = (
				51506541202DD08F00773E8A /* GBPlayOneViewController.h */,
				51506542202DD08F00773E8A /* GBPlayOneViewController.m */,
			);
			path = playOne;
			sourceTree = "<group>";
		};
		5150653F202DCE8F00773E8A /* playTwo */ = {
			isa = PBXGroup;
			children = (
				51506544202DD0BB00773E8A /* GBPlayTwoViewController.h */,
				51506545202DD0BB00773E8A /* GBPlayTwoViewController.m */,
			);
			path = playTwo;
			sourceTree = "<group>";
		};
		51506540202DCE9A00773E8A /* mine */ = {
			isa = PBXGroup;
			children = (
				51506547202DD0CD00773E8A /* GBMineViewController.h */,
				51506548202DD0CD00773E8A /* GBMineViewController.m */,
			);
			path = mine;
			sourceTree = "<group>";
		};
		51C5EA8E2029916D0055E1E5 /* custom */ = {
			isa = PBXGroup;
			children = (
				51C5EA89202957BE0055E1E5 /* Prefix.pch */,
				51C5EA8820294F330055E1E5 /* APPConfig.h */,
				51C5EA8A20297B590055E1E5 /* FGUtilsMacro.h */,
				51C5EA8C202991550055E1E5 /* GVUserDefaults+Properties.h */,
				51C5EA8B202991540055E1E5 /* GVUserDefaults+Properties.m */,
				51C5EA90202992B90055E1E5 /* MBMemoryCacheManger.h */,
				51C5EA8F202992B90055E1E5 /* MBMemoryCacheManger.m */,
				5150653A202DCA2000773E8A /* FGTabbarVC.h */,
				5150653B202DCA2000773E8A /* FGTabbarVC.m */,
			);
			path = custom;
			sourceTree = "<group>";
		};
		E286388F8BBF07CBC3F4BCAF /* Pods */ = {
			isa = PBXGroup;
			children = (
				F67EC09591AC16BDB9E57D20 /* Pods-GBaccaratGame.debug.xcconfig */,
				8FF8404E3EC8F8AC6AA042E4 /* Pods-GBaccaratGame.release.xcconfig */,
			);
			name = Pods;
			sourceTree = "<group>";
		};
/* End PBXGroup section */

/* Begin PBXNativeTarget section */
		5135F3E82028046800149296 /* GBaccaratGame */ = {
			isa = PBXNativeTarget;
			buildConfigurationList = 5135F4152028046900149296 /* Build configuration list for PBXNativeTarget "GBaccaratGame" */;
			buildPhases = (
				1D747505AC59735E147A579C /* [CP] Check Pods Manifest.lock */,
				5135F3E52028046800149296 /* Sources */,
				5135F3E62028046800149296 /* Frameworks */,
				5135F3E72028046800149296 /* Resources */,
				50A8ADA8797E308A95ADE2E8 /* [CP] Embed Pods Frameworks */,
				A562EDA1144DDED7E4E3D939 /* [CP] Copy Pods Resources */,
			);
			buildRules = (
			);
			dependencies = (
			);
			name = GBaccaratGame;
			productName = GBaccaratGame;
			productReference = 5135F3E92028046800149296 /* GBaccaratGame.app */;
			productType = "com.apple.product-type.application";
		};
		5135F4002028046800149296 /* GBaccaratGameTests */ = {
			isa = PBXNativeTarget;
			buildConfigurationList = 5135F4182028046900149296 /* Build configuration list for PBXNativeTarget "GBaccaratGameTests" */;
			buildPhases = (
				5135F3FD2028046800149296 /* Sources */,
				5135F3FE2028046800149296 /* Frameworks */,
				5135F3FF2028046800149296 /* Resources */,
			);
			buildRules = (
			);
			dependencies = (
				5135F4032028046800149296 /* PBXTargetDependency */,
			);
			name = GBaccaratGameTests;
			productName = GBaccaratGameTests;
			productReference = 5135F4012028046800149296 /* GBaccaratGameTests.xctest */;
			productType = "com.apple.product-type.bundle.unit-test";
		};
		5135F40B2028046800149296 /* GBaccaratGameUITests */ = {
			isa = PBXNativeTarget;
			buildConfigurationList = 5135F41B2028046900149296 /* Build configuration list for PBXNativeTarget "GBaccaratGameUITests" */;
			buildPhases = (
				5135F4082028046800149296 /* Sources */,
				5135F4092028046800149296 /* Frameworks */,
				5135F40A2028046800149296 /* Resources */,
			);
			buildRules = (
			);
			dependencies = (
				5135F40E2028046800149296 /* PBXTargetDependency */,
			);
			name = GBaccaratGameUITests;
			productName = GBaccaratGameUITests;
			productReference = 5135F40C2028046800149296 /* GBaccaratGameUITests.xctest */;
			productType = "com.apple.product-type.bundle.ui-testing";
		};
/* End PBXNativeTarget section */

/* Begin PBXProject section */
		5135F3E12028046800149296 /* Project object */ = {
			isa = PBXProject;
			attributes = {
				LastUpgradeCheck = 0900;
				ORGANIZATIONNAME = new4545;
				TargetAttributes = {
					5135F3E82028046800149296 = {
						CreatedOnToolsVersion = 9.0;
						ProvisioningStyle = Automatic;
						SystemCapabilities = {
							com.apple.BackgroundModes = {
								enabled = 1;
							};
							com.apple.Push = {
								enabled = 1;
							};
						};
					};
					5135F4002028046800149296 = {
						CreatedOnToolsVersion = 9.0;
						ProvisioningStyle = Automatic;
						TestTargetID = 5135F3E82028046800149296;
					};
					5135F40B2028046800149296 = {
						CreatedOnToolsVersion = 9.0;
						ProvisioningStyle = Automatic;
						TestTargetID = 5135F3E82028046800149296;
					};
				};
			};
			buildConfigurationList = 5135F3E42028046800149296 /* Build configuration list for PBXProject "GBaccaratGame" */;
			compatibilityVersion = "Xcode 8.0";
			developmentRegion = en;
			hasScannedForEncodings = 0;
			knownRegions = (
				en,
				Base,
			);
			mainGroup = 5135F3E02028046800149296;
			productRefGroup = 5135F3EA2028046800149296 /* Products */;
			projectDirPath = "";
			projectRoot = "";
			targets = (
				5135F3E82028046800149296 /* GBaccaratGame */,
				5135F4002028046800149296 /* GBaccaratGameTests */,
				5135F40B2028046800149296 /* GBaccaratGameUITests */,
			);
		};
/* End PBXProject section */

/* Begin PBXResourcesBuildPhase section */
		5135F3E72028046800149296 /* Resources */ = {
			isa = PBXResourcesBuildPhase;
			buildActionMask = 2147483647;
			files = (
				5135F3F92028046800149296 /* LaunchScreen.storyboard in Resources */,
				5135F3F62028046800149296 /* Assets.xcassets in Resources */,
				5135F3F42028046800149296 /* Main.storyboard in Resources */,
				51B8385420319160007DD794 /* main.js in Resources */,
			);
			runOnlyForDeploymentPostprocessing = 0;
		};
		5135F3FF2028046800149296 /* Resources */ = {
			isa = PBXResourcesBuildPhase;
			buildActionMask = 2147483647;
			files = (
			);
			runOnlyForDeploymentPostprocessing = 0;
		};
		5135F40A2028046800149296 /* Resources */ = {
			isa = PBXResourcesBuildPhase;
			buildActionMask = 2147483647;
			files = (
			);
			runOnlyForDeploymentPostprocessing = 0;
		};
/* End PBXResourcesBuildPhase section */

/* Begin PBXShellScriptBuildPhase section */
		1D747505AC59735E147A579C /* [CP] Check Pods Manifest.lock */ = {
			isa = PBXShellScriptBuildPhase;
			buildActionMask = 2147483647;
			files = (
			);
			inputPaths = (
				"${PODS_PODFILE_DIR_PATH}/Podfile.lock",
				"${PODS_ROOT}/Manifest.lock",
			);
			name = "[CP] Check Pods Manifest.lock";
			outputPaths = (
				"$(DERIVED_FILE_DIR)/Pods-GBaccaratGame-checkManifestLockResult.txt",
			);
			runOnlyForDeploymentPostprocessing = 0;
			shellPath = /bin/sh;
			shellScript = "diff \"${PODS_PODFILE_DIR_PATH}/Podfile.lock\" \"${PODS_ROOT}/Manifest.lock\" > /dev/null\nif [ $? != 0 ] ; then\n    # print error to STDERR\n    echo \"error: The sandbox is not in sync with the Podfile.lock. Run 'pod install' or update your CocoaPods installation.\" >&2\n    exit 1\nfi\n# This output is used by Xcode 'outputs' to avoid re-running this script phase.\necho \"SUCCESS\" > \"${SCRIPT_OUTPUT_FILE_0}\"\n";
			showEnvVarsInLog = 0;
		};
		50A8ADA8797E308A95ADE2E8 /* [CP] Embed Pods Frameworks */ = {
			isa = PBXShellScriptBuildPhase;
			buildActionMask = 2147483647;
			files = (
			);
			inputPaths = (
			);
			name = "[CP] Embed Pods Frameworks";
			outputPaths = (
			);
			runOnlyForDeploymentPostprocessing = 0;
			shellPath = /bin/sh;
			shellScript = "\"${SRCROOT}/Pods/Target Support Files/Pods-GBaccaratGame/Pods-GBaccaratGame-frameworks.sh\"\n";
			showEnvVarsInLog = 0;
		};
		A562EDA1144DDED7E4E3D939 /* [CP] Copy Pods Resources */ = {
			isa = PBXShellScriptBuildPhase;
			buildActionMask = 2147483647;
			files = (
			);
			inputPaths = (
				"${SRCROOT}/Pods/Target Support Files/Pods-GBaccaratGame/Pods-GBaccaratGame-resources.sh",
				$PODS_CONFIGURATION_BUILD_DIR/Appirater/Appirater.bundle,
			);
			name = "[CP] Copy Pods Resources";
			outputPaths = (
				"${TARGET_BUILD_DIR}/${UNLOCALIZED_RESOURCES_FOLDER_PATH}",
			);
			runOnlyForDeploymentPostprocessing = 0;
			shellPath = /bin/sh;
			shellScript = "\"${SRCROOT}/Pods/Target Support Files/Pods-GBaccaratGame/Pods-GBaccaratGame-resources.sh\"\n";
			showEnvVarsInLog = 0;
		};
/* End PBXShellScriptBuildPhase section */

/* Begin PBXSourcesBuildPhase section */
		5135F3E52028046800149296 /* Sources */ = {
			isa = PBXSourcesBuildPhase;
			buildActionMask = 2147483647;
			files = (
				5135F3F12028046800149296 /* ViewController.m in Sources */,
				5150653C202DCA2000773E8A /* FGTabbarVC.m in Sources */,
				51C5EA91202992B90055E1E5 /* MBMemoryCacheManger.m in Sources */,
				51506543202DD08F00773E8A /* GBPlayOneViewController.m in Sources */,
				51506546202DD0BB00773E8A /* GBPlayTwoViewController.m in Sources */,
				51506549202DD0CD00773E8A /* GBMineViewController.m in Sources */,
				5135F3FC2028046800149296 /* main.m in Sources */,
				51C5EA8D202991550055E1E5 /* GVUserDefaults+Properties.m in Sources */,
				5135F3EE2028046800149296 /* AppDelegate.m in Sources */,
			);
			runOnlyForDeploymentPostprocessing = 0;
		};
		5135F3FD2028046800149296 /* Sources */ = {
			isa = PBXSourcesBuildPhase;
			buildActionMask = 2147483647;
			files = (
				5135F4062028046800149296 /* GBaccaratGameTests.m in Sources */,
			);
			runOnlyForDeploymentPostprocessing = 0;
		};
		5135F4082028046800149296 /* Sources */ = {
			isa = PBXSourcesBuildPhase;
			buildActionMask = 2147483647;
			files = (
				5135F4112028046900149296 /* GBaccaratGameUITests.m in Sources */,
			);
			runOnlyForDeploymentPostprocessing = 0;
		};
/* End PBXSourcesBuildPhase section */

/* Begin PBXTargetDependency section */
		5135F4032028046800149296 /* PBXTargetDependency */ = {
			isa = PBXTargetDependency;
			target = 5135F3E82028046800149296 /* GBaccaratGame */;
			targetProxy = 5135F4022028046800149296 /* PBXContainerItemProxy */;
		};
		5135F40E2028046800149296 /* PBXTargetDependency */ = {
			isa = PBXTargetDependency;
			target = 5135F3E82028046800149296 /* GBaccaratGame */;
			targetProxy = 5135F40D2028046800149296 /* PBXContainerItemProxy */;
		};
/* End PBXTargetDependency section */

/* Begin PBXVariantGroup section */
		5135F3F22028046800149296 /* Main.storyboard */ = {
			isa = PBXVariantGroup;
			children = (
				5135F3F32028046800149296 /* Base */,
			);
			name = Main.storyboard;
			sourceTree = "<group>";
		};
		5135F3F72028046800149296 /* LaunchScreen.storyboard */ = {
			isa = PBXVariantGroup;
			children = (
				5135F3F82028046800149296 /* Base */,
			);
			name = LaunchScreen.storyboard;
			sourceTree = "<group>";
		};
/* End PBXVariantGroup section */

/* Begin XCBuildConfiguration section */
		5135F4132028046900149296 /* Debug */ = {
			isa = XCBuildConfiguration;
			buildSettings = {
				ALWAYS_SEARCH_USER_PATHS = NO;
				CLANG_ANALYZER_NONNULL = YES;
				CLANG_ANALYZER_NUMBER_OBJECT_CONVERSION = YES_AGGRESSIVE;
				CLANG_CXX_LANGUAGE_STANDARD = "gnu++14";
				CLANG_CXX_LIBRARY = "libc++";
				CLANG_ENABLE_MODULES = YES;
				CLANG_ENABLE_OBJC_ARC = YES;
				CLANG_WARN_BLOCK_CAPTURE_AUTORELEASING = YES;
				CLANG_WARN_BOOL_CONVERSION = YES;
				CLANG_WARN_COMMA = YES;
				CLANG_WARN_CONSTANT_CONVERSION = YES;
				CLANG_WARN_DIRECT_OBJC_ISA_USAGE = YES_ERROR;
				CLANG_WARN_DOCUMENTATION_COMMENTS = YES;
				CLANG_WARN_EMPTY_BODY = YES;
				CLANG_WARN_ENUM_CONVERSION = YES;
				CLANG_WARN_INFINITE_RECURSION = YES;
				CLANG_WARN_INT_CONVERSION = YES;
				CLANG_WARN_NON_LITERAL_NULL_CONVERSION = YES;
				CLANG_WARN_OBJC_LITERAL_CONVERSION = YES;
				CLANG_WARN_OBJC_ROOT_CLASS = YES_ERROR;
				CLANG_WARN_RANGE_LOOP_ANALYSIS = YES;
				CLANG_WARN_STRICT_PROTOTYPES = YES;
				CLANG_WARN_SUSPICIOUS_MOVE = YES;
				CLANG_WARN_UNGUARDED_AVAILABILITY = YES_AGGRESSIVE;
				CLANG_WARN_UNREACHABLE_CODE = YES;
				CLANG_WARN__DUPLICATE_METHOD_MATCH = YES;
				CODE_SIGN_IDENTITY = "iPhone Developer";
				COPY_PHASE_STRIP = NO;
				DEBUG_INFORMATION_FORMAT = dwarf;
				ENABLE_STRICT_OBJC_MSGSEND = YES;
				ENABLE_TESTABILITY = YES;
				GCC_C_LANGUAGE_STANDARD = gnu11;
				GCC_DYNAMIC_NO_PIC = NO;
				GCC_NO_COMMON_BLOCKS = YES;
				GCC_OPTIMIZATION_LEVEL = 0;
				GCC_PREPROCESSOR_DEFINITIONS = (
					"DEBUG=1",
					"$(inherited)",
				);
				GCC_WARN_64_TO_32_BIT_CONVERSION = YES;
				GCC_WARN_ABOUT_RETURN_TYPE = YES_ERROR;
				GCC_WARN_UNDECLARED_SELECTOR = YES;
				GCC_WARN_UNINITIALIZED_AUTOS = YES_AGGRESSIVE;
				GCC_WARN_UNUSED_FUNCTION = YES;
				GCC_WARN_UNUSED_VARIABLE = YES;
				IPHONEOS_DEPLOYMENT_TARGET = 11.0;
				MTL_ENABLE_DEBUG_INFO = YES;
				ONLY_ACTIVE_ARCH = YES;
				SDKROOT = iphoneos;
			};
			name = Debug;
		};
		5135F4142028046900149296 /* Release */ = {
			isa = XCBuildConfiguration;
			buildSettings = {
				ALWAYS_SEARCH_USER_PATHS = NO;
				CLANG_ANALYZER_NONNULL = YES;
				CLANG_ANALYZER_NUMBER_OBJECT_CONVERSION = YES_AGGRESSIVE;
				CLANG_CXX_LANGUAGE_STANDARD = "gnu++14";
				CLANG_CXX_LIBRARY = "libc++";
				CLANG_ENABLE_MODULES = YES;
				CLANG_ENABLE_OBJC_ARC = YES;
				CLANG_WARN_BLOCK_CAPTURE_AUTORELEASING = YES;
				CLANG_WARN_BOOL_CONVERSION = YES;
				CLANG_WARN_COMMA = YES;
				CLANG_WARN_CONSTANT_CONVERSION = YES;
				CLANG_WARN_DIRECT_OBJC_ISA_USAGE = YES_ERROR;
				CLANG_WARN_DOCUMENTATION_COMMENTS = YES;
				CLANG_WARN_EMPTY_BODY = YES;
				CLANG_WARN_ENUM_CONVERSION = YES;
				CLANG_WARN_INFINITE_RECURSION = YES;
				CLANG_WARN_INT_CONVERSION = YES;
				CLANG_WARN_NON_LITERAL_NULL_CONVERSION = YES;
				CLANG_WARN_OBJC_LITERAL_CONVERSION = YES;
				CLANG_WARN_OBJC_ROOT_CLASS = YES_ERROR;
				CLANG_WARN_RANGE_LOOP_ANALYSIS = YES;
				CLANG_WARN_STRICT_PROTOTYPES = YES;
				CLANG_WARN_SUSPICIOUS_MOVE = YES;
				CLANG_WARN_UNGUARDED_AVAILABILITY = YES_AGGRESSIVE;
				CLANG_WARN_UNREACHABLE_CODE = YES;
				CLANG_WARN__DUPLICATE_METHOD_MATCH = YES;
				CODE_SIGN_IDENTITY = "iPhone Developer";
				COPY_PHASE_STRIP = NO;
				DEBUG_INFORMATION_FORMAT = "dwarf-with-dsym";
				ENABLE_NS_ASSERTIONS = NO;
				ENABLE_STRICT_OBJC_MSGSEND = YES;
				GCC_C_LANGUAGE_STANDARD = gnu11;
				GCC_NO_COMMON_BLOCKS = YES;
				GCC_WARN_64_TO_32_BIT_CONVERSION = YES;
				GCC_WARN_ABOUT_RETURN_TYPE = YES_ERROR;
				GCC_WARN_UNDECLARED_SELECTOR = YES;
				GCC_WARN_UNINITIALIZED_AUTOS = YES_AGGRESSIVE;
				GCC_WARN_UNUSED_FUNCTION = YES;
				GCC_WARN_UNUSED_VARIABLE = YES;
				IPHONEOS_DEPLOYMENT_TARGET = 11.0;
				MTL_ENABLE_DEBUG_INFO = NO;
				SDKROOT = iphoneos;
				VALIDATE_PRODUCT = YES;
			};
			name = Release;
		};
		5135F4162028046900149296 /* Debug */ = {
			isa = XCBuildConfiguration;
			baseConfigurationReference = F67EC09591AC16BDB9E57D20 /* Pods-GBaccaratGame.debug.xcconfig */;
			buildSettings = {
				ASSETCATALOG_COMPILER_APPICON_NAME = AppIcon;
				ASSETCATALOG_COMPILER_LAUNCHIMAGE_NAME = LaunchImage;
				CODE_SIGN_ENTITLEMENTS = GBaccaratGame/GBaccaratGame.entitlements;
				CODE_SIGN_STYLE = Automatic;
				COPY_HEADERS_RUN_UNIFDEF = NO;
				DEVELOPMENT_TEAM = ZSQZSS4F94;
				FRAMEWORK_SEARCH_PATHS = (
					"$(inherited)",
					"$(PROJECT_DIR)/GBaccaratGame",
				);
				GCC_INCREASE_PRECOMPILED_HEADER_SHARING = YES;
				GCC_PRECOMPILE_PREFIX_HEADER = YES;
				GCC_PREFIX_HEADER = "/$(PROJECT_DIR)/GBaccaratGame/custom/Prefix.pch";
				INFOPLIST_FILE = GBaccaratGame/Info.plist;
				LD_RUNPATH_SEARCH_PATHS = "$(inherited) @executable_path/Frameworks";
				PRODUCT_BUNDLE_IDENTIFIER = lwx.GBaccaratGame;
				PRODUCT_NAME = "$(TARGET_NAME)";
				TARGETED_DEVICE_FAMILY = "1,2";
			};
			name = Debug;
		};
		5135F4172028046900149296 /* Release */ = {
			isa = XCBuildConfiguration;
			baseConfigurationReference = 8FF8404E3EC8F8AC6AA042E4 /* Pods-GBaccaratGame.release.xcconfig */;
			buildSettings = {
				ASSETCATALOG_COMPILER_APPICON_NAME = AppIcon;
				ASSETCATALOG_COMPILER_LAUNCHIMAGE_NAME = LaunchImage;
				CODE_SIGN_ENTITLEMENTS = GBaccaratGame/GBaccaratGame.entitlements;
				CODE_SIGN_STYLE = Automatic;
				COPY_HEADERS_RUN_UNIFDEF = NO;
				DEVELOPMENT_TEAM = ZSQZSS4F94;
				FRAMEWORK_SEARCH_PATHS = (
					"$(inherited)",
					"$(PROJECT_DIR)/GBaccaratGame",
				);
				GCC_INCREASE_PRECOMPILED_HEADER_SHARING = YES;
				GCC_PRECOMPILE_PREFIX_HEADER = YES;
				GCC_PREFIX_HEADER = "/$(PROJECT_DIR)/GBaccaratGame/custom/Prefix.pch";
				INFOPLIST_FILE = GBaccaratGame/Info.plist;
				LD_RUNPATH_SEARCH_PATHS = "$(inherited) @executable_path/Frameworks";
				PRODUCT_BUNDLE_IDENTIFIER = lwx.GBaccaratGame;
				PRODUCT_NAME = "$(TARGET_NAME)";
				TARGETED_DEVICE_FAMILY = "1,2";
			};
			name = Release;
		};
		5135F4192028046900149296 /* Debug */ = {
			isa = XCBuildConfiguration;
			buildSettings = {
				BUNDLE_LOADER = "$(TEST_HOST)";
				CODE_SIGN_STYLE = Automatic;
				INFOPLIST_FILE = GBaccaratGameTests/Info.plist;
				LD_RUNPATH_SEARCH_PATHS = "$(inherited) @executable_path/Frameworks @loader_path/Frameworks";
				PRODUCT_BUNDLE_IDENTIFIER = lwx.GBaccaratGameTests;
				PRODUCT_NAME = "$(TARGET_NAME)";
				TARGETED_DEVICE_FAMILY = "1,2";
				TEST_HOST = "$(BUILT_PRODUCTS_DIR)/GBaccaratGame.app/GBaccaratGame";
			};
			name = Debug;
		};
		5135F41A2028046900149296 /* Release */ = {
			isa = XCBuildConfiguration;
			buildSettings = {
				BUNDLE_LOADER = "$(TEST_HOST)";
				CODE_SIGN_STYLE = Automatic;
				INFOPLIST_FILE = GBaccaratGameTests/Info.plist;
				LD_RUNPATH_SEARCH_PATHS = "$(inherited) @executable_path/Frameworks @loader_path/Frameworks";
				PRODUCT_BUNDLE_IDENTIFIER = lwx.GBaccaratGameTests;
				PRODUCT_NAME = "$(TARGET_NAME)";
				TARGETED_DEVICE_FAMILY = "1,2";
				TEST_HOST = "$(BUILT_PRODUCTS_DIR)/GBaccaratGame.app/GBaccaratGame";
			};
			name = Release;
		};
		5135F41C2028046900149296 /* Debug */ = {
			isa = XCBuildConfiguration;
			buildSettings = {
				CODE_SIGN_STYLE = Automatic;
				INFOPLIST_FILE = GBaccaratGameUITests/Info.plist;
				LD_RUNPATH_SEARCH_PATHS = "$(inherited) @executable_path/Frameworks @loader_path/Frameworks";
				PRODUCT_BUNDLE_IDENTIFIER = lwx.GBaccaratGameUITests;
				PRODUCT_NAME = "$(TARGET_NAME)";
				TARGETED_DEVICE_FAMILY = "1,2";
				TEST_TARGET_NAME = GBaccaratGame;
			};
			name = Debug;
		};
		5135F41D2028046900149296 /* Release */ = {
			isa = XCBuildConfiguration;
			buildSettings = {
				CODE_SIGN_STYLE = Automatic;
				INFOPLIST_FILE = GBaccaratGameUITests/Info.plist;
				LD_RUNPATH_SEARCH_PATHS = "$(inherited) @executable_path/Frameworks @loader_path/Frameworks";
				PRODUCT_BUNDLE_IDENTIFIER = lwx.GBaccaratGameUITests;
				PRODUCT_NAME = "$(TARGET_NAME)";
				TARGETED_DEVICE_FAMILY = "1,2";
				TEST_TARGET_NAME = GBaccaratGame;
			};
			name = Release;
		};
/* End XCBuildConfiguration section */

/* Begin XCConfigurationList section */
		5135F3E42028046800149296 /* Build configuration list for PBXProject "GBaccaratGame" */ = {
			isa = XCConfigurationList;
			buildConfigurations = (
				5135F4132028046900149296 /* Debug */,
				5135F4142028046900149296 /* Release */,
			);
			defaultConfigurationIsVisible = 0;
			defaultConfigurationName = Release;
		};
		5135F4152028046900149296 /* Build configuration list for PBXNativeTarget "GBaccaratGame" */ = {
			isa = XCConfigurationList;
			buildConfigurations = (
				5135F4162028046900149296 /* Debug */,
				5135F4172028046900149296 /* Release */,
			);
			defaultConfigurationIsVisible = 0;
			defaultConfigurationName = Release;
		};
		5135F4182028046900149296 /* Build configuration list for PBXNativeTarget "GBaccaratGameTests" */ = {
			isa = XCConfigurationList;
			buildConfigurations = (
				5135F4192028046900149296 /* Debug */,
				5135F41A2028046900149296 /* Release */,
			);
			defaultConfigurationIsVisible = 0;
			defaultConfigurationName = Release;
		};
		5135F41B2028046900149296 /* Build configuration list for PBXNativeTarget "GBaccaratGameUITests" */ = {
			isa = XCConfigurationList;
			buildConfigurations = (
				5135F41C2028046900149296 /* Debug */,
				5135F41D2028046900149296 /* Release */,
			);
			defaultConfigurationIsVisible = 0;
			defaultConfigurationName = Release;
		};
/* End XCConfigurationList section */
	};
	rootObject = 5135F3E12028046800149296 /* Project object */;
}
